
Microsoft Visual Studio Solution File, Format Version 12.00
# Visual Studio Version 16
VisualStudioVersion = 16.0.31410.357
MinimumVisualStudioVersion = 10.0.40219.1
Project("{FAE04EC0-301F-11D3-BF4B-00C04F79EFBC}") = "WSMantenimiento", "WSMantenimiento\WSMantenimiento.csproj", "{0B4D600E-D24F-4D5B-8D69-34AB68AC493D}"
EndProject
Global
	GlobalSection(SolutionConfigurationPlatforms) = preSolution
		Debug|Any CPU = Debug|Any CPU
		Release|Any CPU = Release|Any CPU
	EndGlobalSection
	GlobalSection(ProjectConfigurationPlatforms) = postSolution
		{0B4D600E-D24F-4D5B-8D69-34AB68AC493D}.Debug|Any CPU.ActiveCfg = Debug|Any CPU
		{0B4D600E-D24F-4D5B-8D69-34AB68AC493D}.Debug|Any CPU.Build.0 = Debug|Any CPU
		{0B4D600E-D24F-4D5B-8D69-34AB68AC493D}.Release|Any CPU.ActiveCfg = Release|Any CPU
		{0B4D600E-D24F-4D5B-8D69-34AB68AC493D}.Release|Any CPU.Build.0 = Release|Any CPU
	EndGlobalSection
	GlobalSection(SolutionProperties) = preSolution
		HideSolutionNode = FALSE
	EndGlobalSection
	GlobalSection(ExtensibilityGlobals) = postSolution
		SolutionGuid = {23761E94-188F-4956-8A4A-00DC6A91273D}
	EndGlobalSection
EndGlobal
